
Microsoft Visual Studio Solution File, Format Version 12.00
# Visual Studio Version 17
VisualStudioVersion = 17.7.34031.279
MinimumVisualStudioVersion = 10.0.40219.1
Project("{FAE04EC0-301F-11D3-BF4B-00C04F79EFBC}") = "Nizovi", "Nizovi.csproj", "{A935522B-5865-4197-9333-85EE0E04D043}"
EndProject
Global
	GlobalSection(SolutionConfigurationPlatforms) = preSolution
		Debug|Any CPU = Debug|Any CPU
		Release|Any CPU = Release|Any CPU
	EndGlobalSection
	GlobalSection(ProjectConfigurationPlatforms) = postSolution
		{A935522B-5865-4197-9333-85EE0E04D043}.Debug|Any CPU.ActiveCfg = Debug|Any CPU
		{A935522B-5865-4197-9333-85EE0E04D043}.Debug|Any CPU.Build.0 = Debug|Any CPU
		{A935522B-5865-4197-9333-85EE0E04D043}.Release|Any CPU.ActiveCfg = Release|Any CPU
		{A935522B-5865-4197-9333-85EE0E04D043}.Release|Any CPU.Build.0 = Release|Any CPU
	EndGlobalSection
	GlobalSection(SolutionProperties) = preSolution
		HideSolutionNode = FALSE
	EndGlobalSection
	GlobalSection(ExtensibilityGlobals) = postSolution
		SolutionGuid = {DEFC6426-FCA8-4490-A308-839EC1505922}
	EndGlobalSection
EndGlobal
